
Microsoft Visual Studio Solution File, Format Version 12.00
# Visual Studio Version 17
VisualStudioVersion = 17.8.34322.80
MinimumVisualStudioVersion = 10.0.40219.1
Project("{FAE04EC0-301F-11D3-BF4B-00C04F79EFBC}") = "TestAPI", "TestAPI\TestAPI.csproj", "{84ED2A1B-FA10-40E5-8D47-D7B2F07AF7A4}"
EndProject
Global
	GlobalSection(SolutionConfigurationPlatforms) = preSolution
		Debug|Any CPU = Debug|Any CPU
		Release|Any CPU = Release|Any CPU
	EndGlobalSection
	GlobalSection(ProjectConfigurationPlatforms) = postSolution
		{84ED2A1B-FA10-40E5-8D47-D7B2F07AF7A4}.Debug|Any CPU.ActiveCfg = Debug|Any CPU
		{84ED2A1B-FA10-40E5-8D47-D7B2F07AF7A4}.Debug|Any CPU.Build.0 = Debug|Any CPU
		{84ED2A1B-FA10-40E5-8D47-D7B2F07AF7A4}.Release|Any CPU.ActiveCfg = Release|Any CPU
		{84ED2A1B-FA10-40E5-8D47-D7B2F07AF7A4}.Release|Any CPU.Build.0 = Release|Any CPU
	EndGlobalSection
	GlobalSection(SolutionProperties) = preSolution
		HideSolutionNode = FALSE
	EndGlobalSection
	GlobalSection(ExtensibilityGlobals) = postSolution
		SolutionGuid = {3F5FCA6E-388D-475F-B76D-825CD6EB1BE2}
	EndGlobalSection
EndGlobal
